{
  "requires": true,
  "lockfileVersion": 1,
  "dependencies": {
    "@types/faker": {
      "version": "5.1.6",
      "resolved": "https://registry.npmjs.org/@types/faker/-/faker-5.1.6.tgz",
      "integrity": "sha512-D+gfFWR/YCvlrYL8lgNZO1jKgIUW+cfhxsgMOqUMYwCI+tl0htD7vCCXp/oJsIxJpxuI7zqmo3gpVQBkFCM4iA=="
    },
    "@types/googlemaps": {
      "version": "3.43.3",
      "resolved": "https://registry.npmjs.org/@types/googlemaps/-/googlemaps-3.43.3.tgz",
      "integrity": "sha512-ZWNoz/O8MPEpiajvj7QiqCY8tTLFNqNZ/a+s+zTV58wFVNAvvqV4bdGfnsjTb5Cs4V6wEsLrX8XRhmnyYJ2Tdg=="
    },
    "faker": {
      "version": "5.3.1",
      "resolved": "https://registry.npmjs.org/faker/-/faker-5.3.1.tgz",
      "integrity": "sha512-sVdoApX/awJHO9DZHZsHVaJBNFiJW0n3lPs0q/nFxp/Mtya1dr2sCMktST3mdxNMHjkvKTTMAW488E+jH1eSbg=="
    },
    "typescript": {
      "version": "4.1.4",
      "resolved": "https://registry.npmjs.org/typescript/-/typescript-4.1.4.tgz",
      "integrity": "sha512-+Uru0t8qIRgjuCpiSPpfGuhHecMllk5Zsazj5LZvVsEStEjmIRRBZe+jHjGQvsgS7M1wONy2PQXd67EMyV6acg==",
      "dev": true
    }
  }
}
